{
    "_meta": {
        "hash": {
            "sha256": "fbf1f364728e2c54f7e70424f228c6cb531a3001761737a14ecc8d3a211b5283"
        },
        "requires": {},
        "sources": [
            {
                "url": "https://pypi.python.org/simple",
                "verify_ssl": true
            }
        ]
    },
    "default": {
        "arrow": {
            "version": "==0.10.0"
        },
        "beautifulsoup4": {
            "version": "==4.6.0"
        },
        "blessed": {
            "version": "==1.14.2"
        },
        "certifi": {
            "version": "==2017.4.17"
        },
        "chardet": {
            "version": "==3.0.3"
        },
        "django": {
            "version": "==1.11.2"
        },
        "django-environ": {
            "version": "==0.4.3"
        },
        "django-picklefield": {
            "version": "==0.3.2"
        },
        "django-q": {
            "version": "==0.8.0"
        },
        "future": {
            "version": "==0.16.0"
        },
        "idna": {
            "version": "==2.5"
        },
        "lazy-logger": {
            "git": "https://github.com/python-logging-for-human/lazy-logger.git"
        },
        "pew": {
            "version": "==0.1.26"
        },
        "python-dateutil": {
            "version": "==2.6.0"
        },
        "pythonz-bd": {
            "version": "==1.11.4"
        },
        "pytz": {
            "version": "==2017.2"
        },
        "requests": {
            "version": "==2.17.3"
        },
        "resumable-urlretrieve": {
            "version": "==0.1.5"
        },
        "selenium": {
            "version": "==3.4.3"
        },
        "setuptools": {
            "version": "==36.0.1"
        },
        "six": {
            "version": "==1.10.0"
        },
        "urllib3": {
            "version": "==1.21.1"
        },
        "virtualenv": {
            "version": "==15.1.0"
        },
        "virtualenv-clone": {
            "version": "==0.2.6"
        },
        "wcwidth": {
            "version": "==0.1.7"
        }
    },
    "develop": {}
}
