{
    "_meta": {
        "hash": {
            "sha256": "7bf86145cfca067f5624298f32a4a6258ed314176bfb776025c9b7dc986c913a"
        },
        "requires": {},
        "sources": [
            {
                "url": "https://pypi.python.org/simple",
                "verify_ssl": true
            }
        ]
    },
    "default": {
        "arrow": {
            "version": "==0.10.0"
        },
        "blessed": {
            "version": "==1.14.2"
        },
        "django": {
            "version": "==1.11.2"
        },
        "django-picklefield": {
            "version": "==0.3.2"
        },
        "django-q": {
            "version": "==0.8.0"
        },
        "future": {
            "version": "==0.16.0"
        },
        "python-dateutil": {
            "version": "==2.6.0"
        },
        "pytz": {
            "version": "==2017.2"
        },
        "six": {
            "version": "==1.10.0"
        },
        "wcwidth": {
            "version": "==0.1.7"
        }
    },
    "develop": {}
}
